// !$*UTF8*$!
{
	archiveVersion = 1;
	classes = {
	};
	objectVersion = 50;
	objects = {

/* Begin PBXBuildFile section */
		2205F3B02153479E003E6BBF /* AppDelegate.m in Sources */ = {isa = PBXBuildFile; fileRef = 2205F3AF2153479E003E6BBF /* AppDelegate.m */; };
		2205F3B32153479E003E6BBF /* ViewController.m in Sources */ = {isa = PBXBuildFile; fileRef = 2205F3B22153479E003E6BBF /* ViewController.m */; };
		2205F3B62153479E003E6BBF /* Main.storyboard in Resources */ = {isa = PBXBuildFile; fileRef = 2205F3B42153479E003E6BBF /* Main.storyboard */; };
		2205F3B8215347A0003E6BBF /* Assets.xcassets in Resources */ = {isa = PBXBuildFile; fileRef = 2205F3B7215347A0003E6BBF /* Assets.xcassets */; };
		2205F3BB215347A0003E6BBF /* LaunchScreen.storyboard in Resources */ = {isa = PBXBuildFile; fileRef = 2205F3B9215347A0003E6BBF /* LaunchScreen.storyboard */; };
		2205F3BE215347A0003E6BBF /* main.m in Sources */ = {isa = PBXBuildFile; fileRef = 2205F3BD215347A0003E6BBF /* main.m */; };
		2205F3C8215347A0003E6BBF /* JJOptionViewTests.m in Sources */ = {isa = PBXBuildFile; fileRef = 2205F3C7215347A0003E6BBF /* JJOptionViewTests.m */; };
		2205F3D3215347A0003E6BBF /* JJOptionViewUITests.m in Sources */ = {isa = PBXBuildFile; fileRef = 2205F3D2215347A0003E6BBF /* JJOptionViewUITests.m */; };
		2205F3E3215347B5003E6BBF /* JJOptionView.m in Sources */ = {isa = PBXBuildFile; fileRef = 2205F3E2215347B5003E6BBF /* JJOptionView.m */; };
		2205F3E6215347BD003E6BBF /* list_icon_drfault@2x.png in Resources */ = {isa = PBXBuildFile; fileRef = 2205F3E4215347BD003E6BBF /* list_icon_drfault@2x.png */; };
		2205F3E7215347BD003E6BBF /* list_icon_drfault@3x.png in Resources */ = {isa = PBXBuildFile; fileRef = 2205F3E5215347BD003E6BBF /* list_icon_drfault@3x.png */; };
		2205F4052153482B003E6BBF /* LICENSE in Resources */ = {isa = PBXBuildFile; fileRef = 2205F3E92153482B003E6BBF /* LICENSE */; };
		2205F4062153482B003E6BBF /* NSLayoutConstraint+MASDebugAdditions.m in Sources */ = {isa = PBXBuildFile; fileRef = 2205F3EC2153482B003E6BBF /* NSLayoutConstraint+MASDebugAdditions.m */; };
		2205F4072153482B003E6BBF /* ViewController+MASAdditions.m in Sources */ = {isa = PBXBuildFile; fileRef = 2205F3F52153482B003E6BBF /* ViewController+MASAdditions.m */; };
		2205F4082153482B003E6BBF /* MASCompositeConstraint.m in Sources */ = {isa = PBXBuildFile; fileRef = 2205F3F92153482B003E6BBF /* MASCompositeConstraint.m */; };
		2205F4092153482B003E6BBF /* MASConstraintMaker.m in Sources */ = {isa = PBXBuildFile; fileRef = 2205F3FA2153482B003E6BBF /* MASConstraintMaker.m */; };
		2205F40A2153482B003E6BBF /* MASLayoutConstraint.m in Sources */ = {isa = PBXBuildFile; fileRef = 2205F3FB2153482B003E6BBF /* MASLayoutConstraint.m */; };
		2205F40B2153482B003E6BBF /* NSArray+MASAdditions.m in Sources */ = {isa = PBXBuildFile; fileRef = 2205F3FC2153482B003E6BBF /* NSArray+MASAdditions.m */; };
		2205F40C2153482B003E6BBF /* View+MASAdditions.m in Sources */ = {isa = PBXBuildFile; fileRef = 2205F3FD2153482B003E6BBF /* View+MASAdditions.m */; };
		2205F40D2153482B003E6BBF /* MASConstraint.m in Sources */ = {isa = PBXBuildFile; fileRef = 2205F4002153482B003E6BBF /* MASConstraint.m */; };
		2205F40E2153482B003E6BBF /* MASViewConstraint.m in Sources */ = {isa = PBXBuildFile; fileRef = 2205F4022153482B003E6BBF /* MASViewConstraint.m */; };
		2205F40F2153482B003E6BBF /* MASViewAttribute.m in Sources */ = {isa = PBXBuildFile; fileRef = 2205F4032153482B003E6BBF /* MASViewAttribute.m */; };
		2205F4102153482B003E6BBF /* README.md in Resources */ = {isa = PBXBuildFile; fileRef = 2205F4042153482B003E6BBF /* README.md */; };
		2257E250215F81C0001A680C /* JJSearchOptionView.m in Sources */ = {isa = PBXBuildFile; fileRef = 2257E24F215F81BF001A680C /* JJSearchOptionView.m */; };
		2257E253215F81F0001A680C /* SecondViewController.m in Sources */ = {isa = PBXBuildFile; fileRef = 2257E252215F81F0001A680C /* SecondViewController.m */; };
/* End PBXBuildFile section */

/* Begin PBXContainerItemProxy section */
		2205F3C4215347A0003E6BBF /* PBXContainerItemProxy */ = {
			isa = PBXContainerItemProxy;
			containerPortal = 2205F3A32153479E003E6BBF /* Project object */;
			proxyType = 1;
			remoteGlobalIDString = 2205F3AA2153479E003E6BBF;
			remoteInfo = JJOptionView;
		};
		2205F3CF215347A0003E6BBF /* PBXContainerItemProxy */ = {
			isa = PBXContainerItemProxy;
			containerPortal = 2205F3A32153479E003E6BBF /* Project object */;
			proxyType = 1;
			remoteGlobalIDString = 2205F3AA2153479E003E6BBF;
			remoteInfo = JJOptionView;
		};
/* End PBXContainerItemProxy section */

/* Begin PBXFileReference section */
		2205F3AB2153479E003E6BBF /* JJOptionView.app */ = {isa = PBXFileReference; explicitFileType = wrapper.application; includeInIndex = 0; path = JJOptionView.app; sourceTree = BUILT_PRODUCTS_DIR; };
		2205F3AE2153479E003E6BBF /* AppDelegate.h */ = {isa = PBXFileReference; lastKnownFileType = sourcecode.c.h; path = AppDelegate.h; sourceTree = "<group>"; };
		2205F3AF2153479E003E6BBF /* AppDelegate.m */ = {isa = PBXFileReference; lastKnownFileType = sourcecode.c.objc; path = AppDelegate.m; sourceTree = "<group>"; };
		2205F3B12153479E003E6BBF /* ViewController.h */ = {isa = PBXFileReference; lastKnownFileType = sourcecode.c.h; path = ViewController.h; sourceTree = "<group>"; };
		2205F3B22153479E003E6BBF /* ViewController.m */ = {isa = PBXFileReference; lastKnownFileType = sourcecode.c.objc; path = ViewController.m; sourceTree = "<group>"; };
		2205F3B52153479E003E6BBF /* Base */ = {isa = PBXFileReference; lastKnownFileType = file.storyboard; name = Base; path = Base.lproj/Main.storyboard; sourceTree = "<group>"; };
		2205F3B7215347A0003E6BBF /* Assets.xcassets */ = {isa = PBXFileReference; lastKnownFileType = folder.assetcatalog; path = Assets.xcassets; sourceTree = "<group>"; };
		2205F3BA215347A0003E6BBF /* Base */ = {isa = PBXFileReference; lastKnownFileType = file.storyboard; name = Base; path = Base.lproj/LaunchScreen.storyboard; sourceTree = "<group>"; };
		2205F3BC215347A0003E6BBF /* Info.plist */ = {isa = PBXFileReference; lastKnownFileType = text.plist.xml; path = Info.plist; sourceTree = "<group>"; };
		2205F3BD215347A0003E6BBF /* main.m */ = {isa = PBXFileReference; lastKnownFileType = sourcecode.c.objc; path = main.m; sourceTree = "<group>"; };
		2205F3C3215347A0003E6BBF /* JJOptionViewTests.xctest */ = {isa = PBXFileReference; explicitFileType = wrapper.cfbundle; includeInIndex = 0; path = JJOptionViewTests.xctest; sourceTree = BUILT_PRODUCTS_DIR; };
		2205F3C7215347A0003E6BBF /* JJOptionViewTests.m */ = {isa = PBXFileReference; lastKnownFileType = sourcecode.c.objc; path = JJOptionViewTests.m; sourceTree = "<group>"; };
		2205F3C9215347A0003E6BBF /* Info.plist */ = {isa = PBXFileReference; lastKnownFileType = text.plist.xml; path = Info.plist; sourceTree = "<group>"; };
		2205F3CE215347A0003E6BBF /* JJOptionViewUITests.xctest */ = {isa = PBXFileReference; explicitFileType = wrapper.cfbundle; includeInIndex = 0; path = JJOptionViewUITests.xctest; sourceTree = BUILT_PRODUCTS_DIR; };
		2205F3D2215347A0003E6BBF /* JJOptionViewUITests.m */ = {isa = PBXFileReference; lastKnownFileType = sourcecode.c.objc; path = JJOptionViewUITests.m; sourceTree = "<group>"; };
		2205F3D4215347A0003E6BBF /* Info.plist */ = {isa = PBXFileReference; lastKnownFileType = text.plist.xml; path = Info.plist; sourceTree = "<group>"; };
		2205F3E1215347B5003E6BBF /* JJOptionView.h */ = {isa = PBXFileReference; fileEncoding = 4; lastKnownFileType = sourcecode.c.h; path = JJOptionView.h; sourceTree = "<group>"; };
		2205F3E2215347B5003E6BBF /* JJOptionView.m */ = {isa = PBXFileReference; fileEncoding = 4; lastKnownFileType = sourcecode.c.objc; path = JJOptionView.m; sourceTree = "<group>"; };
		2205F3E4215347BD003E6BBF /* list_icon_drfault@2x.png */ = {isa = PBXFileReference; lastKnownFileType = image.png; path = "list_icon_drfault@2x.png"; sourceTree = "<group>"; };
		2205F3E5215347BD003E6BBF /* list_icon_drfault@3x.png */ = {isa = PBXFileReference; lastKnownFileType = image.png; path = "list_icon_drfault@3x.png"; sourceTree = "<group>"; };
		2205F3E92153482B003E6BBF /* LICENSE */ = {isa = PBXFileReference; fileEncoding = 4; lastKnownFileType = text; path = LICENSE; sourceTree = "<group>"; };
		2205F3EB2153482B003E6BBF /* MASCompositeConstraint.h */ = {isa = PBXFileReference; fileEncoding = 4; lastKnownFileType = sourcecode.c.h; path = MASCompositeConstraint.h; sourceTree = "<group>"; };
		2205F3EC2153482B003E6BBF /* NSLayoutConstraint+MASDebugAdditions.m */ = {isa = PBXFileReference; fileEncoding = 4; lastKnownFileType = sourcecode.c.objc; path = "NSLayoutConstraint+MASDebugAdditions.m"; sourceTree = "<group>"; };
		2205F3ED2153482B003E6BBF /* MASConstraint+Private.h */ = {isa = PBXFileReference; fileEncoding = 4; lastKnownFileType = sourcecode.c.h; path = "MASConstraint+Private.h"; sourceTree = "<group>"; };
		2205F3EE2153482B003E6BBF /* MASLayoutConstraint.h */ = {isa = PBXFileReference; fileEncoding = 4; lastKnownFileType = sourcecode.c.h; path = MASLayoutConstraint.h; sourceTree = "<group>"; };
		2205F3EF2153482B003E6BBF /* NSArray+MASShorthandAdditions.h */ = {isa = PBXFileReference; fileEncoding = 4; lastKnownFileType = sourcecode.c.h; path = "NSArray+MASShorthandAdditions.h"; sourceTree = "<group>"; };
		2205F3F02153482B003E6BBF /* MASConstraintMaker.h */ = {isa = PBXFileReference; fileEncoding = 4; lastKnownFileType = sourcecode.c.h; path = MASConstraintMaker.h; sourceTree = "<group>"; };
		2205F3F12153482B003E6BBF /* View+MASAdditions.h */ = {isa = PBXFileReference; fileEncoding = 4; lastKnownFileType = sourcecode.c.h; path = "View+MASAdditions.h"; sourceTree = "<group>"; };
		2205F3F22153482B003E6BBF /* NSArray+MASAdditions.h */ = {isa = PBXFileReference; fileEncoding = 4; lastKnownFileType = sourcecode.c.h; path = "NSArray+MASAdditions.h"; sourceTree = "<group>"; };
		2205F3F32153482B003E6BBF /* MASUtilities.h */ = {isa = PBXFileReference; fileEncoding = 4; lastKnownFileType = sourcecode.c.h; path = MASUtilities.h; sourceTree = "<group>"; };
		2205F3F42153482B003E6BBF /* MASViewAttribute.h */ = {isa = PBXFileReference; fileEncoding = 4; lastKnownFileType = sourcecode.c.h; path = MASViewAttribute.h; sourceTree = "<group>"; };
		2205F3F52153482B003E6BBF /* ViewController+MASAdditions.m */ = {isa = PBXFileReference; fileEncoding = 4; lastKnownFileType = sourcecode.c.objc; path = "ViewController+MASAdditions.m"; sourceTree = "<group>"; };
		2205F3F62153482B003E6BBF /* MASViewConstraint.h */ = {isa = PBXFileReference; fileEncoding = 4; lastKnownFileType = sourcecode.c.h; path = MASViewConstraint.h; sourceTree = "<group>"; };
		2205F3F72153482B003E6BBF /* MASConstraint.h */ = {isa = PBXFileReference; fileEncoding = 4; lastKnownFileType = sourcecode.c.h; path = MASConstraint.h; sourceTree = "<group>"; };
		2205F3F82153482B003E6BBF /* NSLayoutConstraint+MASDebugAdditions.h */ = {isa = PBXFileReference; fileEncoding = 4; lastKnownFileType = sourcecode.c.h; path = "NSLayoutConstraint+MASDebugAdditions.h"; sourceTree = "<group>"; };
		2205F3F92153482B003E6BBF /* MASCompositeConstraint.m */ = {isa = PBXFileReference; fileEncoding = 4; lastKnownFileType = sourcecode.c.objc; path = MASCompositeConstraint.m; sourceTree = "<group>"; };
		2205F3FA2153482B003E6BBF /* MASConstraintMaker.m */ = {isa = PBXFileReference; fileEncoding = 4; lastKnownFileType = sourcecode.c.objc; path = MASConstraintMaker.m; sourceTree = "<group>"; };
		2205F3FB2153482B003E6BBF /* MASLayoutConstraint.m */ = {isa = PBXFileReference; fileEncoding = 4; lastKnownFileType = sourcecode.c.objc; path = MASLayoutConstraint.m; sourceTree = "<group>"; };
		2205F3FC2153482B003E6BBF /* NSArray+MASAdditions.m */ = {isa = PBXFileReference; fileEncoding = 4; lastKnownFileType = sourcecode.c.objc; path = "NSArray+MASAdditions.m"; sourceTree = "<group>"; };
		2205F3FD2153482B003E6BBF /* View+MASAdditions.m */ = {isa = PBXFileReference; fileEncoding = 4; lastKnownFileType = sourcecode.c.objc; path = "View+MASAdditions.m"; sourceTree = "<group>"; };
		2205F3FE2153482B003E6BBF /* View+MASShorthandAdditions.h */ = {isa = PBXFileReference; fileEncoding = 4; lastKnownFileType = sourcecode.c.h; path = "View+MASShorthandAdditions.h"; sourceTree = "<group>"; };
		2205F3FF2153482B003E6BBF /* Masonry.h */ = {isa = PBXFileReference; fileEncoding = 4; lastKnownFileType = sourcecode.c.h; path = Masonry.h; sourceTree = "<group>"; };
		2205F4002153482B003E6BBF /* MASConstraint.m */ = {isa = PBXFileReference; fileEncoding = 4; lastKnownFileType = sourcecode.c.objc; path = MASConstraint.m; sourceTree = "<group>"; };
		2205F4012153482B003E6BBF /* ViewController+MASAdditions.h */ = {isa = PBXFileReference; fileEncoding = 4; lastKnownFileType = sourcecode.c.h; path = "ViewController+MASAdditions.h"; sourceTree = "<group>"; };
		2205F4022153482B003E6BBF /* MASViewConstraint.m */ = {isa = PBXFileReference; fileEncoding = 4; lastKnownFileType = sourcecode.c.objc; path = MASViewConstraint.m; sourceTree = "<group>"; };
		2205F4032153482B003E6BBF /* MASViewAttribute.m */ = {isa = PBXFileReference; fileEncoding = 4; lastKnownFileType = sourcecode.c.objc; path = MASViewAttribute.m; sourceTree = "<group>"; };
		2205F4042153482B003E6BBF /* README.md */ = {isa = PBXFileReference; fileEncoding = 4; lastKnownFileType = net.daringfireball.markdown; path = README.md; sourceTree = "<group>"; };
		2257E24E215F81BF001A680C /* JJSearchOptionView.h */ = {isa = PBXFileReference; fileEncoding = 4; lastKnownFileType = sourcecode.c.h; path = JJSearchOptionView.h; sourceTree = "<group>"; };
		2257E24F215F81BF001A680C /* JJSearchOptionView.m */ = {isa = PBXFileReference; fileEncoding = 4; lastKnownFileType = sourcecode.c.objc; path = JJSearchOptionView.m; sourceTree = "<group>"; };
		2257E251215F81F0001A680C /* SecondViewController.h */ = {isa = PBXFileReference; lastKnownFileType = sourcecode.c.h; path = SecondViewController.h; sourceTree = "<group>"; };
		2257E252215F81F0001A680C /* SecondViewController.m */ = {isa = PBXFileReference; lastKnownFileType = sourcecode.c.objc; path = SecondViewController.m; sourceTree = "<group>"; };
/* End PBXFileReference section */

/* Begin PBXFrameworksBuildPhase section */
		2205F3A82153479E003E6BBF /* Frameworks */ = {
			isa = PBXFrameworksBuildPhase;
			buildActionMask = 2147483647;
			files = (
			);
			runOnlyForDeploymentPostprocessing = 0;
		};
		2205F3C0215347A0003E6BBF /* Frameworks */ = {
			isa = PBXFrameworksBuildPhase;
			buildActionMask = 2147483647;
			files = (
			);
			runOnlyForDeploymentPostprocessing = 0;
		};
		2205F3CB215347A0003E6BBF /* Frameworks */ = {
			isa = PBXFrameworksBuildPhase;
			buildActionMask = 2147483647;
			files = (
			);
			runOnlyForDeploymentPostprocessing = 0;
		};
/* End PBXFrameworksBuildPhase section */

/* Begin PBXGroup section */
		2205F3A22153479E003E6BBF = {
			isa = PBXGroup;
			children = (
				2205F3AD2153479E003E6BBF /* JJOptionView */,
				2205F3C6215347A0003E6BBF /* JJOptionViewTests */,
				2205F3D1215347A0003E6BBF /* JJOptionViewUITests */,
				2205F3AC2153479E003E6BBF /* Products */,
			);
			sourceTree = "<group>";
		};
		2205F3AC2153479E003E6BBF /* Products */ = {
			isa = PBXGroup;
			children = (
				2205F3AB2153479E003E6BBF /* JJOptionView.app */,
				2205F3C3215347A0003E6BBF /* JJOptionViewTests.xctest */,
				2205F3CE215347A0003E6BBF /* JJOptionViewUITests.xctest */,
			);
			name = Products;
			sourceTree = "<group>";
		};
		2205F3AD2153479E003E6BBF /* JJOptionView */ = {
			isa = PBXGroup;
			children = (
				2257E24D215F81BF001A680C /* JJSearchOptionView */,
				2205F3E82153482B003E6BBF /* Masonry */,
				2205F3E0215347B5003E6BBF /* JJOptionView */,
				2205F3AE2153479E003E6BBF /* AppDelegate.h */,
				2205F3AF2153479E003E6BBF /* AppDelegate.m */,
				2205F3B12153479E003E6BBF /* ViewController.h */,
				2205F3B22153479E003E6BBF /* ViewController.m */,
				2257E251215F81F0001A680C /* SecondViewController.h */,
				2257E252215F81F0001A680C /* SecondViewController.m */,
				2205F3B42153479E003E6BBF /* Main.storyboard */,
				2205F3B7215347A0003E6BBF /* Assets.xcassets */,
				2205F3B9215347A0003E6BBF /* LaunchScreen.storyboard */,
				2205F3BC215347A0003E6BBF /* Info.plist */,
				2205F3BD215347A0003E6BBF /* main.m */,
			);
			path = JJOptionView;
			sourceTree = "<group>";
		};
		2205F3C6215347A0003E6BBF /* JJOptionViewTests */ = {
			isa = PBXGroup;
			children = (
				2205F3C7215347A0003E6BBF /* JJOptionViewTests.m */,
				2205F3C9215347A0003E6BBF /* Info.plist */,
			);
			path = JJOptionViewTests;
			sourceTree = "<group>";
		};
		2205F3D1215347A0003E6BBF /* JJOptionViewUITests */ = {
			isa = PBXGroup;
			children = (
				2205F3D2215347A0003E6BBF /* JJOptionViewUITests.m */,
				2205F3D4215347A0003E6BBF /* Info.plist */,
			);
			path = JJOptionViewUITests;
			sourceTree = "<group>";
		};
		2205F3E0215347B5003E6BBF /* JJOptionView */ = {
			isa = PBXGroup;
			children = (
				2205F3E4215347BD003E6BBF /* list_icon_drfault@2x.png */,
				2205F3E5215347BD003E6BBF /* list_icon_drfault@3x.png */,
				2205F3E1215347B5003E6BBF /* JJOptionView.h */,
				2205F3E2215347B5003E6BBF /* JJOptionView.m */,
			);
			path = JJOptionView;
			sourceTree = "<group>";
		};
		2205F3E82153482B003E6BBF /* Masonry */ = {
			isa = PBXGroup;
			children = (
				2205F3E92153482B003E6BBF /* LICENSE */,
				2205F3EA2153482B003E6BBF /* Masonry */,
				2205F4042153482B003E6BBF /* README.md */,
			);
			path = Masonry;
			sourceTree = "<group>";
		};
		2205F3EA2153482B003E6BBF /* Masonry */ = {
			isa = PBXGroup;
			children = (
				2205F3EB2153482B003E6BBF /* MASCompositeConstraint.h */,
				2205F3EC2153482B003E6BBF /* NSLayoutConstraint+MASDebugAdditions.m */,
				2205F3ED2153482B003E6BBF /* MASConstraint+Private.h */,
				2205F3EE2153482B003E6BBF /* MASLayoutConstraint.h */,
				2205F3EF2153482B003E6BBF /* NSArray+MASShorthandAdditions.h */,
				2205F3F02153482B003E6BBF /* MASConstraintMaker.h */,
				2205F3F12153482B003E6BBF /* View+MASAdditions.h */,
				2205F3F22153482B003E6BBF /* NSArray+MASAdditions.h */,
				2205F3F32153482B003E6BBF /* MASUtilities.h */,
				2205F3F42153482B003E6BBF /* MASViewAttribute.h */,
				2205F3F52153482B003E6BBF /* ViewController+MASAdditions.m */,
				2205F3F62153482B003E6BBF /* MASViewConstraint.h */,
				2205F3F72153482B003E6BBF /* MASConstraint.h */,
				2205F3F82153482B003E6BBF /* NSLayoutConstraint+MASDebugAdditions.h */,
				2205F3F92153482B003E6BBF /* MASCompositeConstraint.m */,
				2205F3FA2153482B003E6BBF /* MASConstraintMaker.m */,
				2205F3FB2153482B003E6BBF /* MASLayoutConstraint.m */,
				2205F3FC2153482B003E6BBF /* NSArray+MASAdditions.m */,
				2205F3FD2153482B003E6BBF /* View+MASAdditions.m */,
				2205F3FE2153482B003E6BBF /* View+MASShorthandAdditions.h */,
				2205F3FF2153482B003E6BBF /* Masonry.h */,
				2205F4002153482B003E6BBF /* MASConstraint.m */,
				2205F4012153482B003E6BBF /* ViewController+MASAdditions.h */,
				2205F4022153482B003E6BBF /* MASViewConstraint.m */,
				2205F4032153482B003E6BBF /* MASViewAttribute.m */,
			);
			path = Masonry;
			sourceTree = "<group>";
		};
		2257E24D215F81BF001A680C /* JJSearchOptionView */ = {
			isa = PBXGroup;
			children = (
				2257E24E215F81BF001A680C /* JJSearchOptionView.h */,
				2257E24F215F81BF001A680C /* JJSearchOptionView.m */,
			);
			path = JJSearchOptionView;
			sourceTree = "<group>";
		};
/* End PBXGroup section */

/* Begin PBXNativeTarget section */
		2205F3AA2153479E003E6BBF /* JJOptionView */ = {
			isa = PBXNativeTarget;
			buildConfigurationList = 2205F3D7215347A0003E6BBF /* Build configuration list for PBXNativeTarget "JJOptionView" */;
			buildPhases = (
				2205F3A72153479E003E6BBF /* Sources */,
				2205F3A82153479E003E6BBF /* Frameworks */,
				2205F3A92153479E003E6BBF /* Resources */,
			);
			buildRules = (
			);
			dependencies = (
			);
			name = JJOptionView;
			productName = JJOptionView;
			productReference = 2205F3AB2153479E003E6BBF /* JJOptionView.app */;
			productType = "com.apple.product-type.application";
		};
		2205F3C2215347A0003E6BBF /* JJOptionViewTests */ = {
			isa = PBXNativeTarget;
			buildConfigurationList = 2205F3DA215347A0003E6BBF /* Build configuration list for PBXNativeTarget "JJOptionViewTests" */;
			buildPhases = (
				2205F3BF215347A0003E6BBF /* Sources */,
				2205F3C0215347A0003E6BBF /* Frameworks */,
				2205F3C1215347A0003E6BBF /* Resources */,
			);
			buildRules = (
			);
			dependencies = (
				2205F3C5215347A0003E6BBF /* PBXTargetDependency */,
			);
			name = JJOptionViewTests;
			productName = JJOptionViewTests;
			productReference = 2205F3C3215347A0003E6BBF /* JJOptionViewTests.xctest */;
			productType = "com.apple.product-type.bundle.unit-test";
		};
		2205F3CD215347A0003E6BBF /* JJOptionViewUITests */ = {
			isa = PBXNativeTarget;
			buildConfigurationList = 2205F3DD215347A0003E6BBF /* Build configuration list for PBXNativeTarget "JJOptionViewUITests" */;
			buildPhases = (
				2205F3CA215347A0003E6BBF /* Sources */,
				2205F3CB215347A0003E6BBF /* Frameworks */,
				2205F3CC215347A0003E6BBF /* Resources */,
			);
			buildRules = (
			);
			dependencies = (
				2205F3D0215347A0003E6BBF /* PBXTargetDependency */,
			);
			name = JJOptionViewUITests;
			productName = JJOptionViewUITests;
			productReference = 2205F3CE215347A0003E6BBF /* JJOptionViewUITests.xctest */;
			productType = "com.apple.product-type.bundle.ui-testing";
		};
/* End PBXNativeTarget section */

/* Begin PBXProject section */
		2205F3A32153479E003E6BBF /* Project object */ = {
			isa = PBXProject;
			attributes = {
				LastUpgradeCheck = 1000;
				ORGANIZATIONNAME = "俊杰  廖";
				TargetAttributes = {
					2205F3AA2153479E003E6BBF = {
						CreatedOnToolsVersion = 10.0;
					};
					2205F3C2215347A0003E6BBF = {
						CreatedOnToolsVersion = 10.0;
						TestTargetID = 2205F3AA2153479E003E6BBF;
					};
					2205F3CD215347A0003E6BBF = {
						CreatedOnToolsVersion = 10.0;
						TestTargetID = 2205F3AA2153479E003E6BBF;
					};
				};
			};
			buildConfigurationList = 2205F3A62153479E003E6BBF /* Build configuration list for PBXProject "JJOptionView" */;
			compatibilityVersion = "Xcode 9.3";
			developmentRegion = en;
			hasScannedForEncodings = 0;
			knownRegions = (
				en,
				Base,
			);
			mainGroup = 2205F3A22153479E003E6BBF;
			productRefGroup = 2205F3AC2153479E003E6BBF /* Products */;
			projectDirPath = "";
			projectRoot = "";
			targets = (
				2205F3AA2153479E003E6BBF /* JJOptionView */,
				2205F3C2215347A0003E6BBF /* JJOptionViewTests */,
				2205F3CD215347A0003E6BBF /* JJOptionViewUITests */,
			);
		};
/* End PBXProject section */

/* Begin PBXResourcesBuildPhase section */
		2205F3A92153479E003E6BBF /* Resources */ = {
			isa = PBXResourcesBuildPhase;
			buildActionMask = 2147483647;
			files = (
				2205F4052153482B003E6BBF /* LICENSE in Resources */,
				2205F3BB215347A0003E6BBF /* LaunchScreen.storyboard in Resources */,
				2205F3E7215347BD003E6BBF /* list_icon_drfault@3x.png in Resources */,
				2205F4102153482B003E6BBF /* README.md in Resources */,
				2205F3B8215347A0003E6BBF /* Assets.xcassets in Resources */,
				2205F3E6215347BD003E6BBF /* list_icon_drfault@2x.png in Resources */,
				2205F3B62153479E003E6BBF /* Main.storyboard in Resources */,
			);
			runOnlyForDeploymentPostprocessing = 0;
		};
		2205F3C1215347A0003E6BBF /* Resources */ = {
			isa = PBXResourcesBuildPhase;
			buildActionMask = 2147483647;
			files = (
			);
			runOnlyForDeploymentPostprocessing = 0;
		};
		2205F3CC215347A0003E6BBF /* Resources */ = {
			isa = PBXResourcesBuildPhase;
			buildActionMask = 2147483647;
			files = (
			);
			runOnlyForDeploymentPostprocessing = 0;
		};
/* End PBXResourcesBuildPhase section */

/* Begin PBXSourcesBuildPhase section */
		2205F3A72153479E003E6BBF /* Sources */ = {
			isa = PBXSourcesBuildPhase;
			buildActionMask = 2147483647;
			files = (
				2205F40E2153482B003E6BBF /* MASViewConstraint.m in Sources */,
				2257E250215F81C0001A680C /* JJSearchOptionView.m in Sources */,
				2205F40F2153482B003E6BBF /* MASViewAttribute.m in Sources */,
				2205F3B32153479E003E6BBF /* ViewController.m in Sources */,
				2205F3E3215347B5003E6BBF /* JJOptionView.m in Sources */,
				2205F40B2153482B003E6BBF /* NSArray+MASAdditions.m in Sources */,
				2205F4072153482B003E6BBF /* ViewController+MASAdditions.m in Sources */,
				2205F4082153482B003E6BBF /* MASCompositeConstraint.m in Sources */,
				2205F3BE215347A0003E6BBF /* main.m in Sources */,
				2205F40C2153482B003E6BBF /* View+MASAdditions.m in Sources */,
				2205F4092153482B003E6BBF /* MASConstraintMaker.m in Sources */,
				2205F40D2153482B003E6BBF /* MASConstraint.m in Sources */,
				2257E253215F81F0001A680C /* SecondViewController.m in Sources */,
				2205F4062153482B003E6BBF /* NSLayoutConstraint+MASDebugAdditions.m in Sources */,
				2205F40A2153482B003E6BBF /* MASLayoutConstraint.m in Sources */,
				2205F3B02153479E003E6BBF /* AppDelegate.m in Sources */,
			);
			runOnlyForDeploymentPostprocessing = 0;
		};
		2205F3BF215347A0003E6BBF /* Sources */ = {
			isa = PBXSourcesBuildPhase;
			buildActionMask = 2147483647;
			files = (
				2205F3C8215347A0003E6BBF /* JJOptionViewTests.m in Sources */,
			);
			runOnlyForDeploymentPostprocessing = 0;
		};
		2205F3CA215347A0003E6BBF /* Sources */ = {
			isa = PBXSourcesBuildPhase;
			buildActionMask = 2147483647;
			files = (
				2205F3D3215347A0003E6BBF /* JJOptionViewUITests.m in Sources */,
			);
			runOnlyForDeploymentPostprocessing = 0;
		};
/* End PBXSourcesBuildPhase section */

/* Begin PBXTargetDependency section */
		2205F3C5215347A0003E6BBF /* PBXTargetDependency */ = {
			isa = PBXTargetDependency;
			target = 2205F3AA2153479E003E6BBF /* JJOptionView */;
			targetProxy = 2205F3C4215347A0003E6BBF /* PBXContainerItemProxy */;
		};
		2205F3D0215347A0003E6BBF /* PBXTargetDependency */ = {
			isa = PBXTargetDependency;
			target = 2205F3AA2153479E003E6BBF /* JJOptionView */;
			targetProxy = 2205F3CF215347A0003E6BBF /* PBXContainerItemProxy */;
		};
/* End PBXTargetDependency section */

/* Begin PBXVariantGroup section */
		2205F3B42153479E003E6BBF /* Main.storyboard */ = {
			isa = PBXVariantGroup;
			children = (
				2205F3B52153479E003E6BBF /* Base */,
			);
			name = Main.storyboard;
			sourceTree = "<group>";
		};
		2205F3B9215347A0003E6BBF /* LaunchScreen.storyboard */ = {
			isa = PBXVariantGroup;
			children = (
				2205F3BA215347A0003E6BBF /* Base */,
			);
			name = LaunchScreen.storyboard;
			sourceTree = "<group>";
		};
/* End PBXVariantGroup section */

/* Begin XCBuildConfiguration section */
		2205F3D5215347A0003E6BBF /* Debug */ = {
			isa = XCBuildConfiguration;
			buildSettings = {
				ALWAYS_SEARCH_USER_PATHS = NO;
				CLANG_ANALYZER_NONNULL = YES;
				CLANG_ANALYZER_NUMBER_OBJECT_CONVERSION = YES_AGGRESSIVE;
				CLANG_CXX_LANGUAGE_STANDARD = "gnu++14";
				CLANG_CXX_LIBRARY = "libc++";
				CLANG_ENABLE_MODULES = YES;
				CLANG_ENABLE_OBJC_ARC = YES;
				CLANG_ENABLE_OBJC_WEAK = YES;
				CLANG_WARN_BLOCK_CAPTURE_AUTORELEASING = YES;
				CLANG_WARN_BOOL_CONVERSION = YES;
				CLANG_WARN_COMMA = YES;
				CLANG_WARN_CONSTANT_CONVERSION = YES;
				CLANG_WARN_DEPRECATED_OBJC_IMPLEMENTATIONS = YES;
				CLANG_WARN_DIRECT_OBJC_ISA_USAGE = YES_ERROR;
				CLANG_WARN_DOCUMENTATION_COMMENTS = YES;
				CLANG_WARN_EMPTY_BODY = YES;
				CLANG_WARN_ENUM_CONVERSION = YES;
				CLANG_WARN_INFINITE_RECURSION = YES;
				CLANG_WARN_INT_CONVERSION = YES;
				CLANG_WARN_NON_LITERAL_NULL_CONVERSION = YES;
				CLANG_WARN_OBJC_IMPLICIT_RETAIN_SELF = YES;
				CLANG_WARN_OBJC_LITERAL_CONVERSION = YES;
				CLANG_WARN_OBJC_ROOT_CLASS = YES_ERROR;
				CLANG_WARN_RANGE_LOOP_ANALYSIS = YES;
				CLANG_WARN_STRICT_PROTOTYPES = YES;
				CLANG_WARN_SUSPICIOUS_MOVE = YES;
				CLANG_WARN_UNGUARDED_AVAILABILITY = YES_AGGRESSIVE;
				CLANG_WARN_UNREACHABLE_CODE = YES;
				CLANG_WARN__DUPLICATE_METHOD_MATCH = YES;
				CODE_SIGN_IDENTITY = "iPhone Developer";
				COPY_PHASE_STRIP = NO;
				DEBUG_INFORMATION_FORMAT = dwarf;
				ENABLE_STRICT_OBJC_MSGSEND = YES;
				ENABLE_TESTABILITY = YES;
				GCC_C_LANGUAGE_STANDARD = gnu11;
				GCC_DYNAMIC_NO_PIC = NO;
				GCC_NO_COMMON_BLOCKS = YES;
				GCC_OPTIMIZATION_LEVEL = 0;
				GCC_PREPROCESSOR_DEFINITIONS = (
					"DEBUG=1",
					"$(inherited)",
				);
				GCC_WARN_64_TO_32_BIT_CONVERSION = YES;
				GCC_WARN_ABOUT_RETURN_TYPE = YES_ERROR;
				GCC_WARN_UNDECLARED_SELECTOR = YES;
				GCC_WARN_UNINITIALIZED_AUTOS = YES_AGGRESSIVE;
				GCC_WARN_UNUSED_FUNCTION = YES;
				GCC_WARN_UNUSED_VARIABLE = YES;
				IPHONEOS_DEPLOYMENT_TARGET = 12.0;
				MTL_ENABLE_DEBUG_INFO = INCLUDE_SOURCE;
				MTL_FAST_MATH = YES;
				ONLY_ACTIVE_ARCH = YES;
				SDKROOT = iphoneos;
			};
			name = Debug;
		};
		2205F3D6215347A0003E6BBF /* Release */ = {
			isa = XCBuildConfiguration;
			buildSettings = {
				ALWAYS_SEARCH_USER_PATHS = NO;
				CLANG_ANALYZER_NONNULL = YES;
				CLANG_ANALYZER_NUMBER_OBJECT_CONVERSION = YES_AGGRESSIVE;
				CLANG_CXX_LANGUAGE_STANDARD = "gnu++14";
				CLANG_CXX_LIBRARY = "libc++";
				CLANG_ENABLE_MODULES = YES;
				CLANG_ENABLE_OBJC_ARC = YES;
				CLANG_ENABLE_OBJC_WEAK = YES;
				CLANG_WARN_BLOCK_CAPTURE_AUTORELEASING = YES;
				CLANG_WARN_BOOL_CONVERSION = YES;
				CLANG_WARN_COMMA = YES;
				CLANG_WARN_CONSTANT_CONVERSION = YES;
				CLANG_WARN_DEPRECATED_OBJC_IMPLEMENTATIONS = YES;
				CLANG_WARN_DIRECT_OBJC_ISA_USAGE = YES_ERROR;
				CLANG_WARN_DOCUMENTATION_COMMENTS = YES;
				CLANG_WARN_EMPTY_BODY = YES;
				CLANG_WARN_ENUM_CONVERSION = YES;
				CLANG_WARN_INFINITE_RECURSION = YES;
				CLANG_WARN_INT_CONVERSION = YES;
				CLANG_WARN_NON_LITERAL_NULL_CONVERSION = YES;
				CLANG_WARN_OBJC_IMPLICIT_RETAIN_SELF = YES;
				CLANG_WARN_OBJC_LITERAL_CONVERSION = YES;
				CLANG_WARN_OBJC_ROOT_CLASS = YES_ERROR;
				CLANG_WARN_RANGE_LOOP_ANALYSIS = YES;
				CLANG_WARN_STRICT_PROTOTYPES = YES;
				CLANG_WARN_SUSPICIOUS_MOVE = YES;
				CLANG_WARN_UNGUARDED_AVAILABILITY = YES_AGGRESSIVE;
				CLANG_WARN_UNREACHABLE_CODE = YES;
				CLANG_WARN__DUPLICATE_METHOD_MATCH = YES;
				CODE_SIGN_IDENTITY = "iPhone Developer";
				COPY_PHASE_STRIP = NO;
				DEBUG_INFORMATION_FORMAT = "dwarf-with-dsym";
				ENABLE_NS_ASSERTIONS = NO;
				ENABLE_STRICT_OBJC_MSGSEND = YES;
				GCC_C_LANGUAGE_STANDARD = gnu11;
				GCC_NO_COMMON_BLOCKS = YES;
				GCC_WARN_64_TO_32_BIT_CONVERSION = YES;
				GCC_WARN_ABOUT_RETURN_TYPE = YES_ERROR;
				GCC_WARN_UNDECLARED_SELECTOR = YES;
				GCC_WARN_UNINITIALIZED_AUTOS = YES_AGGRESSIVE;
				GCC_WARN_UNUSED_FUNCTION = YES;
				GCC_WARN_UNUSED_VARIABLE = YES;
				IPHONEOS_DEPLOYMENT_TARGET = 12.0;
				MTL_ENABLE_DEBUG_INFO = NO;
				MTL_FAST_MATH = YES;
				SDKROOT = iphoneos;
				VALIDATE_PRODUCT = YES;
			};
			name = Release;
		};
		2205F3D8215347A0003E6BBF /* Debug */ = {
			isa = XCBuildConfiguration;
			buildSettings = {
				ASSETCATALOG_COMPILER_APPICON_NAME = AppIcon;
				CODE_SIGN_STYLE = Automatic;
				INFOPLIST_FILE = JJOptionView/Info.plist;
				IPHONEOS_DEPLOYMENT_TARGET = 9.0;
				LD_RUNPATH_SEARCH_PATHS = (
					"$(inherited)",
					"@executable_path/Frameworks",
				);
				PRODUCT_BUNDLE_IDENTIFIER = com.optionView.jj.JJOptionView;
				PRODUCT_NAME = "$(TARGET_NAME)";
				TARGETED_DEVICE_FAMILY = "1,2";
			};
			name = Debug;
		};
		2205F3D9215347A0003E6BBF /* Release */ = {
			isa = XCBuildConfiguration;
			buildSettings = {
				ASSETCATALOG_COMPILER_APPICON_NAME = AppIcon;
				CODE_SIGN_STYLE = Automatic;
				INFOPLIST_FILE = JJOptionView/Info.plist;
				IPHONEOS_DEPLOYMENT_TARGET = 9.0;
				LD_RUNPATH_SEARCH_PATHS = (
					"$(inherited)",
					"@executable_path/Frameworks",
				);
				PRODUCT_BUNDLE_IDENTIFIER = com.optionView.jj.JJOptionView;
				PRODUCT_NAME = "$(TARGET_NAME)";
				TARGETED_DEVICE_FAMILY = "1,2";
			};
			name = Release;
		};
		2205F3DB215347A0003E6BBF /* Debug */ = {
			isa = XCBuildConfiguration;
			buildSettings = {
				BUNDLE_LOADER = "$(TEST_HOST)";
				CODE_SIGN_STYLE = Automatic;
				INFOPLIST_FILE = JJOptionViewTests/Info.plist;
				LD_RUNPATH_SEARCH_PATHS = (
					"$(inherited)",
					"@executable_path/Frameworks",
					"@loader_path/Frameworks",
				);
				PRODUCT_BUNDLE_IDENTIFIER = com.optionView.jj.JJOptionViewTests;
				PRODUCT_NAME = "$(TARGET_NAME)";
				TARGETED_DEVICE_FAMILY = "1,2";
				TEST_HOST = "$(BUILT_PRODUCTS_DIR)/JJOptionView.app/JJOptionView";
			};
			name = Debug;
		};
		2205F3DC215347A0003E6BBF /* Release */ = {
			isa = XCBuildConfiguration;
			buildSettings = {
				BUNDLE_LOADER = "$(TEST_HOST)";
				CODE_SIGN_STYLE = Automatic;
				INFOPLIST_FILE = JJOptionViewTests/Info.plist;
				LD_RUNPATH_SEARCH_PATHS = (
					"$(inherited)",
					"@executable_path/Frameworks",
					"@loader_path/Frameworks",
				);
				PRODUCT_BUNDLE_IDENTIFIER = com.optionView.jj.JJOptionViewTests;
				PRODUCT_NAME = "$(TARGET_NAME)";
				TARGETED_DEVICE_FAMILY = "1,2";
				TEST_HOST = "$(BUILT_PRODUCTS_DIR)/JJOptionView.app/JJOptionView";
			};
			name = Release;
		};
		2205F3DE215347A0003E6BBF /* Debug */ = {
			isa = XCBuildConfiguration;
			buildSettings = {
				CODE_SIGN_STYLE = Automatic;
				INFOPLIST_FILE = JJOptionViewUITests/Info.plist;
				LD_RUNPATH_SEARCH_PATHS = (
					"$(inherited)",
					"@executable_path/Frameworks",
					"@loader_path/Frameworks",
				);
				PRODUCT_BUNDLE_IDENTIFIER = com.optionView.jj.JJOptionViewUITests;
				PRODUCT_NAME = "$(TARGET_NAME)";
				TARGETED_DEVICE_FAMILY = "1,2";
				TEST_TARGET_NAME = JJOptionView;
			};
			name = Debug;
		};
		2205F3DF215347A0003E6BBF /* Release */ = {
			isa = XCBuildConfiguration;
			buildSettings = {
				CODE_SIGN_STYLE = Automatic;
				INFOPLIST_FILE = JJOptionViewUITests/Info.plist;
				LD_RUNPATH_SEARCH_PATHS = (
					"$(inherited)",
					"@executable_path/Frameworks",
					"@loader_path/Frameworks",
				);
				PRODUCT_BUNDLE_IDENTIFIER = com.optionView.jj.JJOptionViewUITests;
				PRODUCT_NAME = "$(TARGET_NAME)";
				TARGETED_DEVICE_FAMILY = "1,2";
				TEST_TARGET_NAME = JJOptionView;
			};
			name = Release;
		};
/* End XCBuildConfiguration section */

/* Begin XCConfigurationList section */
		2205F3A62153479E003E6BBF /* Build configuration list for PBXProject "JJOptionView" */ = {
			isa = XCConfigurationList;
			buildConfigurations = (
				2205F3D5215347A0003E6BBF /* Debug */,
				2205F3D6215347A0003E6BBF /* Release */,
			);
			defaultConfigurationIsVisible = 0;
			defaultConfigurationName = Release;
		};
		2205F3D7215347A0003E6BBF /* Build configuration list for PBXNativeTarget "JJOptionView" */ = {
			isa = XCConfigurationList;
			buildConfigurations = (
				2205F3D8215347A0003E6BBF /* Debug */,
				2205F3D9215347A0003E6BBF /* Release */,
			);
			defaultConfigurationIsVisible = 0;
			defaultConfigurationName = Release;
		};
		2205F3DA215347A0003E6BBF /* Build configuration list for PBXNativeTarget "JJOptionViewTests" */ = {
			isa = XCConfigurationList;
			buildConfigurations = (
				2205F3DB215347A0003E6BBF /* Debug */,
				2205F3DC215347A0003E6BBF /* Release */,
			);
			defaultConfigurationIsVisible = 0;
			defaultConfigurationName = Release;
		};
		2205F3DD215347A0003E6BBF /* Build configuration list for PBXNativeTarget "JJOptionViewUITests" */ = {
			isa = XCConfigurationList;
			buildConfigurations = (
				2205F3DE215347A0003E6BBF /* Debug */,
				2205F3DF215347A0003E6BBF /* Release */,
			);
			defaultConfigurationIsVisible = 0;
			defaultConfigurationName = Release;
		};
/* End XCConfigurationList section */
	};
	rootObject = 2205F3A32153479E003E6BBF /* Project object */;
}
